
Microsoft Visual Studio Solution File, Format Version 12.00
# Visual Studio Version 16
VisualStudioVersion = 16.0.34031.81
MinimumVisualStudioVersion = 10.0.40219.1
Project("{2150E333-8FDC-42A3-9474-1A3956D46DE8}") = "Task0", "Task0", "{418BADDB-8C54-4A47-9398-19DC387F4745}"
EndProject
Project("{FAE04EC0-301F-11D3-BF4B-00C04F79EFBC}") = "Tyuiu.MenshikovEA.Sprint6.Task0.V30.Lib", "Tyuiu.MenshikovEA.Sprint6.Task0.V30.Lib\Tyuiu.MenshikovEA.Sprint6.Task0.V30.Lib.csproj", "{889CDA8A-DE86-4098-B965-A75DB5F6A973}"
EndProject
Project("{FAE04EC0-301F-11D3-BF4B-00C04F79EFBC}") = "Tyuiu.MenshikovEA.Sprint6.Task0.V30.Test", "Tyuiu.MenshikovEA.Sprint6.Task0.V30.Test\Tyuiu.MenshikovEA.Sprint6.Task0.V30.Test.csproj", "{1BF4DBFF-0EEA-4847-8E53-7E91866D611D}"
EndProject
Project("{FAE04EC0-301F-11D3-BF4B-00C04F79EFBC}") = "Tyuiu.MenshikovEA.Sprint6.Task0.V30", "Tyuiu.MenshikovEA.Sprint6.Task0.V30\Tyuiu.MenshikovEA.Sprint6.Task0.V30.csproj", "{45626F3F-551C-4735-BA71-5FC93CE04910}"
EndProject
Project("{2150E333-8FDC-42A3-9474-1A3956D46DE8}") = "Task1", "Task1", "{EF86386D-72C6-4F2D-A465-130289517F6E}"
EndProject
Project("{FAE04EC0-301F-11D3-BF4B-00C04F79EFBC}") = "Tyuiu.MenshikovEA.Sprint6.Task1.V2.Lib", "Tyuiu.MenshikovEA.Sprint6.Task1.V2.Lib\Tyuiu.MenshikovEA.Sprint6.Task1.V2.Lib.csproj", "{F386D855-2A74-4FD3-806C-C84B79E178A1}"
EndProject
Project("{FAE04EC0-301F-11D3-BF4B-00C04F79EFBC}") = "Tyuiu.MenshikovEA.Sprint6.Task1.V2.Test", "Tyuiu.MenshikovEA.Sprint6.Task1.V2.Test\Tyuiu.MenshikovEA.Sprint6.Task1.V2.Test.csproj", "{9F2AF794-CE79-44FE-ACB1-BCE0CEEC8BFD}"
EndProject
Project("{FAE04EC0-301F-11D3-BF4B-00C04F79EFBC}") = "Tyuiu.MenshikovEA.Sprint6.Task1.V2", "Tyuiu.MenshikovEA.Sprint6.Task1.V2\Tyuiu.MenshikovEA.Sprint6.Task1.V2.csproj", "{8EC75530-6F97-45C2-92DE-DCADBA4FBFE2}"
EndProject
Project("{2150E333-8FDC-42A3-9474-1A3956D46DE8}") = "Task2", "Task2", "{1679476B-BD9A-48FE-9B95-1ECD1BC4FC1F}"
EndProject
Project("{FAE04EC0-301F-11D3-BF4B-00C04F79EFBC}") = "Tyuiu.MenshikovEA.Sprint6.Task2.V19", "Tyuiu.MenshikovEA.Sprint6.Task2.V19\Tyuiu.MenshikovEA.Sprint6.Task2.V19.csproj", "{3C44BE70-6D5F-49FD-BC57-3FAEAA0A8BCF}"
EndProject
Project("{FAE04EC0-301F-11D3-BF4B-00C04F79EFBC}") = "Tyuiu.MenshikovEA.Sprint6.Task2.V19.Lib", "Tyuiu.MenshikovEA.Sprint6.Task2.V19.Lib\Tyuiu.MenshikovEA.Sprint6.Task2.V19.Lib.csproj", "{83243D88-34E6-4644-A968-F5D83BBA4530}"
EndProject
Project("{FAE04EC0-301F-11D3-BF4B-00C04F79EFBC}") = "Tyuiu.MenshikovEA.Sprint6.Task2.V19.Test", "Tyuiu.MenshikovEA.Sprint6.Task2.V19.Test\Tyuiu.MenshikovEA.Sprint6.Task2.V19.Test.csproj", "{F113BC19-0D32-41C3-BE9C-4511EB6D64F0}"
EndProject
Project("{2150E333-8FDC-42A3-9474-1A3956D46DE8}") = "Task3", "Task3", "{3811190F-CDE2-4A72-99D3-D760CD756F68}"
EndProject
Project("{FAE04EC0-301F-11D3-BF4B-00C04F79EFBC}") = "Tyuiu.MenshikovEA.Sprint6.Task3.V13", "Tyuiu.MenshikovEA.Sprint6.Task3.V13\Tyuiu.MenshikovEA.Sprint6.Task3.V13.csproj", "{2E2974B4-BAAD-4443-AEA4-2A7EE1CE7234}"
EndProject
Project("{FAE04EC0-301F-11D3-BF4B-00C04F79EFBC}") = "Tyuiu.MenshikovEA.Sprint6.Task3.V13.Lib", "Tyuiu.MenshikovEA.Sprint6.Task3.V13.Lib\Tyuiu.MenshikovEA.Sprint6.Task3.V13.Lib.csproj", "{6778035C-ECFF-4595-BD0B-CFA33764AEC5}"
EndProject
Project("{FAE04EC0-301F-11D3-BF4B-00C04F79EFBC}") = "Tyuiu.MenshikovEA.Sprint6.Task3.V13.Test", "Tyuiu.MenshikovEA.Sprint6.Task3.V13.Test\Tyuiu.MenshikovEA.Sprint6.Task3.V13.Test.csproj", "{EE68AAE5-3C90-4F89-A6A7-78FB7BE0E819}"
EndProject
Project("{2150E333-8FDC-42A3-9474-1A3956D46DE8}") = "Task4", "Task4", "{E1520C8E-7988-4A3C-93E1-17D9F9382D6A}"
EndProject
Project("{FAE04EC0-301F-11D3-BF4B-00C04F79EFBC}") = "Tyuiu.MenshikovEA.Sprint6.Task4.V12", "Tyuiu.MenshikovEA.Sprint6.Task4.V12\Tyuiu.MenshikovEA.Sprint6.Task4.V12.csproj", "{300ECAEF-7A18-49AC-9252-B04674CE4D8E}"
EndProject
Project("{FAE04EC0-301F-11D3-BF4B-00C04F79EFBC}") = "Tyuiu.MenshikovEA.Sprint6.Task4.V12.Lib", "Tyuiu.MenshikovEA.Sprint6.Task4.V12.Lib\Tyuiu.MenshikovEA.Sprint6.Task4.V12.Lib.csproj", "{4FAAFFEA-996B-46F6-A438-53AC18E686D1}"
EndProject
Project("{FAE04EC0-301F-11D3-BF4B-00C04F79EFBC}") = "Tyuiu.MenshikovEA.Sprint6.Task4.V12.Test", "Tyuiu.MenshikovEA.Sprint6.Task4.V12.Test\Tyuiu.MenshikovEA.Sprint6.Task4.V12.Test.csproj", "{7670DE42-E599-4515-87B5-7D10CE953420}"
EndProject
Project("{2150E333-8FDC-42A3-9474-1A3956D46DE8}") = "Task5", "Task5", "{6538F190-4F71-4D6C-88E4-819A85040F37}"
EndProject
Project("{FAE04EC0-301F-11D3-BF4B-00C04F79EFBC}") = "Tyuiu.MenshikovEA.Sprint6.Task5.V24", "Tyuiu.MenshikovEA.Sprint6.Task5.V24\Tyuiu.MenshikovEA.Sprint6.Task5.V24.csproj", "{CBBD9ECD-BBB8-45DF-B278-5AE350223490}"
EndProject
Project("{FAE04EC0-301F-11D3-BF4B-00C04F79EFBC}") = "Tyuiu.MenshikovEA.Sprint6.Task5.V24.Lib", "Tyuiu.MenshikovEA.Sprint6.Task5.V24.Lib\Tyuiu.MenshikovEA.Sprint6.Task5.V24.Lib.csproj", "{7363AFB1-C9CD-4D70-A64F-17413E69ABC0}"
EndProject
Project("{FAE04EC0-301F-11D3-BF4B-00C04F79EFBC}") = "Tyuiu.MenshikovEA.Sprint6.Task5.V24.Test", "Tyuiu.MenshikovEA.Sprint6.Task5.V24.Test\Tyuiu.MenshikovEA.Sprint6.Task5.V24.Test.csproj", "{91602402-84C6-49B4-8AC4-CC641E56E06F}"
EndProject
Project("{2150E333-8FDC-42A3-9474-1A3956D46DE8}") = "Task6", "Task6", "{1FA5DE12-82C5-4906-AB98-5FF84C2A2AAF}"
EndProject
Project("{FAE04EC0-301F-11D3-BF4B-00C04F79EFBC}") = "Tyuiu.MenshikovEA.Sprint6.Task6.V6", "Tyuiu.MenshikovEA.Sprint6.Task6.V6\Tyuiu.MenshikovEA.Sprint6.Task6.V6.csproj", "{7CCE1810-F0C5-47AD-8D03-86FC97293820}"
EndProject
Project("{FAE04EC0-301F-11D3-BF4B-00C04F79EFBC}") = "Tyuiu.MenshikovEA.Sprint6.Task6.V6.Lib", "Tyuiu.MenshikovEA.Sprint6.Task6.V6.Lib\Tyuiu.MenshikovEA.Sprint6.Task6.V6.Lib.csproj", "{B992C624-5093-4BFF-AF30-510B9839606C}"
EndProject
Project("{FAE04EC0-301F-11D3-BF4B-00C04F79EFBC}") = "Tyuiu.MenshikovEA.Sprint6.Task6.V6.Test", "Tyuiu.MenshikovEA.Sprint6.Task6.V6.Test\Tyuiu.MenshikovEA.Sprint6.Task6.V6.Test.csproj", "{B69BB31C-CF60-4AAD-B729-627C8C793B66}"
EndProject
Project("{2150E333-8FDC-42A3-9474-1A3956D46DE8}") = "Task7", "Task7", "{B0D7E866-0E79-4E9E-8D8D-EE6DEC9E2137}"
EndProject
Project("{FAE04EC0-301F-11D3-BF4B-00C04F79EFBC}") = "Tyuiu.MenshikovEA.Sprint6.Task7.V14", "Tyuiu.MenshikovEA.Sprint6.Task7.V14\Tyuiu.MenshikovEA.Sprint6.Task7.V14.csproj", "{1C89290D-28FB-4DBE-B15B-91F23C9DF531}"
EndProject
Project("{FAE04EC0-301F-11D3-BF4B-00C04F79EFBC}") = "Tyuiu.MenshikovEA.Sprint6.Task7.V14.Lib", "Tyuiu.MenshikovEA.Sprint6.Task7.V14.Lib\Tyuiu.MenshikovEA.Sprint6.Task7.V14.Lib.csproj", "{842D186C-6D06-43F8-A019-63A54B817FF1}"
EndProject
Project("{FAE04EC0-301F-11D3-BF4B-00C04F79EFBC}") = "Tyuiu.MenshikovEA.Sprint6.Task7.V14.Test", "Tyuiu.MenshikovEA.Sprint6.Task7.V14.Test\Tyuiu.MenshikovEA.Sprint6.Task7.V14.Test.csproj", "{FADA025B-9E26-4B7A-B3C6-C6829A4692EF}"
EndProject
Global
	GlobalSection(SolutionConfigurationPlatforms) = preSolution
		Debug|Any CPU = Debug|Any CPU
		Release|Any CPU = Release|Any CPU
	EndGlobalSection
	GlobalSection(ProjectConfigurationPlatforms) = postSolution
		{889CDA8A-DE86-4098-B965-A75DB5F6A973}.Debug|Any CPU.ActiveCfg = Debug|Any CPU
		{889CDA8A-DE86-4098-B965-A75DB5F6A973}.Debug|Any CPU.Build.0 = Debug|Any CPU
		{889CDA8A-DE86-4098-B965-A75DB5F6A973}.Release|Any CPU.ActiveCfg = Release|Any CPU
		{889CDA8A-DE86-4098-B965-A75DB5F6A973}.Release|Any CPU.Build.0 = Release|Any CPU
		{1BF4DBFF-0EEA-4847-8E53-7E91866D611D}.Debug|Any CPU.ActiveCfg = Debug|Any CPU
		{1BF4DBFF-0EEA-4847-8E53-7E91866D611D}.Debug|Any CPU.Build.0 = Debug|Any CPU
		{1BF4DBFF-0EEA-4847-8E53-7E91866D611D}.Release|Any CPU.ActiveCfg = Release|Any CPU
		{1BF4DBFF-0EEA-4847-8E53-7E91866D611D}.Release|Any CPU.Build.0 = Release|Any CPU
		{45626F3F-551C-4735-BA71-5FC93CE04910}.Debug|Any CPU.ActiveCfg = Debug|Any CPU
		{45626F3F-551C-4735-BA71-5FC93CE04910}.Debug|Any CPU.Build.0 = Debug|Any CPU
		{45626F3F-551C-4735-BA71-5FC93CE04910}.Release|Any CPU.ActiveCfg = Release|Any CPU
		{45626F3F-551C-4735-BA71-5FC93CE04910}.Release|Any CPU.Build.0 = Release|Any CPU
		{F386D855-2A74-4FD3-806C-C84B79E178A1}.Debug|Any CPU.ActiveCfg = Debug|Any CPU
		{F386D855-2A74-4FD3-806C-C84B79E178A1}.Debug|Any CPU.Build.0 = Debug|Any CPU
		{F386D855-2A74-4FD3-806C-C84B79E178A1}.Release|Any CPU.ActiveCfg = Release|Any CPU
		{F386D855-2A74-4FD3-806C-C84B79E178A1}.Release|Any CPU.Build.0 = Release|Any CPU
		{9F2AF794-CE79-44FE-ACB1-BCE0CEEC8BFD}.Debug|Any CPU.ActiveCfg = Debug|Any CPU
		{9F2AF794-CE79-44FE-ACB1-BCE0CEEC8BFD}.Debug|Any CPU.Build.0 = Debug|Any CPU
		{9F2AF794-CE79-44FE-ACB1-BCE0CEEC8BFD}.Release|Any CPU.ActiveCfg = Release|Any CPU
		{9F2AF794-CE79-44FE-ACB1-BCE0CEEC8BFD}.Release|Any CPU.Build.0 = Release|Any CPU
		{8EC75530-6F97-45C2-92DE-DCADBA4FBFE2}.Debug|Any CPU.ActiveCfg = Debug|Any CPU
		{8EC75530-6F97-45C2-92DE-DCADBA4FBFE2}.Debug|Any CPU.Build.0 = Debug|Any CPU
		{8EC75530-6F97-45C2-92DE-DCADBA4FBFE2}.Release|Any CPU.ActiveCfg = Release|Any CPU
		{8EC75530-6F97-45C2-92DE-DCADBA4FBFE2}.Release|Any CPU.Build.0 = Release|Any CPU
		{3C44BE70-6D5F-49FD-BC57-3FAEAA0A8BCF}.Debug|Any CPU.ActiveCfg = Debug|Any CPU
		{3C44BE70-6D5F-49FD-BC57-3FAEAA0A8BCF}.Debug|Any CPU.Build.0 = Debug|Any CPU
		{3C44BE70-6D5F-49FD-BC57-3FAEAA0A8BCF}.Release|Any CPU.ActiveCfg = Release|Any CPU
		{3C44BE70-6D5F-49FD-BC57-3FAEAA0A8BCF}.Release|Any CPU.Build.0 = Release|Any CPU
		{83243D88-34E6-4644-A968-F5D83BBA4530}.Debug|Any CPU.ActiveCfg = Debug|Any CPU
		{83243D88-34E6-4644-A968-F5D83BBA4530}.Debug|Any CPU.Build.0 = Debug|Any CPU
		{83243D88-34E6-4644-A968-F5D83BBA4530}.Release|Any CPU.ActiveCfg = Release|Any CPU
		{83243D88-34E6-4644-A968-F5D83BBA4530}.Release|Any CPU.Build.0 = Release|Any CPU
		{F113BC19-0D32-41C3-BE9C-4511EB6D64F0}.Debug|Any CPU.ActiveCfg = Debug|Any CPU
		{F113BC19-0D32-41C3-BE9C-4511EB6D64F0}.Debug|Any CPU.Build.0 = Debug|Any CPU
		{F113BC19-0D32-41C3-BE9C-4511EB6D64F0}.Release|Any CPU.ActiveCfg = Release|Any CPU
		{F113BC19-0D32-41C3-BE9C-4511EB6D64F0}.Release|Any CPU.Build.0 = Release|Any CPU
		{2E2974B4-BAAD-4443-AEA4-2A7EE1CE7234}.Debug|Any CPU.ActiveCfg = Debug|Any CPU
		{2E2974B4-BAAD-4443-AEA4-2A7EE1CE7234}.Debug|Any CPU.Build.0 = Debug|Any CPU
		{2E2974B4-BAAD-4443-AEA4-2A7EE1CE7234}.Release|Any CPU.ActiveCfg = Release|Any CPU
		{2E2974B4-BAAD-4443-AEA4-2A7EE1CE7234}.Release|Any CPU.Build.0 = Release|Any CPU
		{6778035C-ECFF-4595-BD0B-CFA33764AEC5}.Debug|Any CPU.ActiveCfg = Debug|Any CPU
		{6778035C-ECFF-4595-BD0B-CFA33764AEC5}.Debug|Any CPU.Build.0 = Debug|Any CPU
		{6778035C-ECFF-4595-BD0B-CFA33764AEC5}.Release|Any CPU.ActiveCfg = Release|Any CPU
		{6778035C-ECFF-4595-BD0B-CFA33764AEC5}.Release|Any CPU.Build.0 = Release|Any CPU
		{EE68AAE5-3C90-4F89-A6A7-78FB7BE0E819}.Debug|Any CPU.ActiveCfg = Debug|Any CPU
		{EE68AAE5-3C90-4F89-A6A7-78FB7BE0E819}.Debug|Any CPU.Build.0 = Debug|Any CPU
		{EE68AAE5-3C90-4F89-A6A7-78FB7BE0E819}.Release|Any CPU.ActiveCfg = Release|Any CPU
		{EE68AAE5-3C90-4F89-A6A7-78FB7BE0E819}.Release|Any CPU.Build.0 = Release|Any CPU
		{300ECAEF-7A18-49AC-9252-B04674CE4D8E}.Debug|Any CPU.ActiveCfg = Debug|Any CPU
		{300ECAEF-7A18-49AC-9252-B04674CE4D8E}.Debug|Any CPU.Build.0 = Debug|Any CPU
		{300ECAEF-7A18-49AC-9252-B04674CE4D8E}.Release|Any CPU.ActiveCfg = Release|Any CPU
		{300ECAEF-7A18-49AC-9252-B04674CE4D8E}.Release|Any CPU.Build.0 = Release|Any CPU
		{4FAAFFEA-996B-46F6-A438-53AC18E686D1}.Debug|Any CPU.ActiveCfg = Debug|Any CPU
		{4FAAFFEA-996B-46F6-A438-53AC18E686D1}.Debug|Any CPU.Build.0 = Debug|Any CPU
		{4FAAFFEA-996B-46F6-A438-53AC18E686D1}.Release|Any CPU.ActiveCfg = Release|Any CPU
		{4FAAFFEA-996B-46F6-A438-53AC18E686D1}.Release|Any CPU.Build.0 = Release|Any CPU
		{7670DE42-E599-4515-87B5-7D10CE953420}.Debug|Any CPU.ActiveCfg = Debug|Any CPU
		{7670DE42-E599-4515-87B5-7D10CE953420}.Debug|Any CPU.Build.0 = Debug|Any CPU
		{7670DE42-E599-4515-87B5-7D10CE953420}.Release|Any CPU.ActiveCfg = Release|Any CPU
		{7670DE42-E599-4515-87B5-7D10CE953420}.Release|Any CPU.Build.0 = Release|Any CPU
		{CBBD9ECD-BBB8-45DF-B278-5AE350223490}.Debug|Any CPU.ActiveCfg = Debug|Any CPU
		{CBBD9ECD-BBB8-45DF-B278-5AE350223490}.Debug|Any CPU.Build.0 = Debug|Any CPU
		{CBBD9ECD-BBB8-45DF-B278-5AE350223490}.Release|Any CPU.ActiveCfg = Release|Any CPU
		{CBBD9ECD-BBB8-45DF-B278-5AE350223490}.Release|Any CPU.Build.0 = Release|Any CPU
		{7363AFB1-C9CD-4D70-A64F-17413E69ABC0}.Debug|Any CPU.ActiveCfg = Debug|Any CPU
		{7363AFB1-C9CD-4D70-A64F-17413E69ABC0}.Debug|Any CPU.Build.0 = Debug|Any CPU
		{7363AFB1-C9CD-4D70-A64F-17413E69ABC0}.Release|Any CPU.ActiveCfg = Release|Any CPU
		{7363AFB1-C9CD-4D70-A64F-17413E69ABC0}.Release|Any CPU.Build.0 = Release|Any CPU
		{91602402-84C6-49B4-8AC4-CC641E56E06F}.Debug|Any CPU.ActiveCfg = Debug|Any CPU
		{91602402-84C6-49B4-8AC4-CC641E56E06F}.Debug|Any CPU.Build.0 = Debug|Any CPU
		{91602402-84C6-49B4-8AC4-CC641E56E06F}.Release|Any CPU.ActiveCfg = Release|Any CPU
		{91602402-84C6-49B4-8AC4-CC641E56E06F}.Release|Any CPU.Build.0 = Release|Any CPU
		{7CCE1810-F0C5-47AD-8D03-86FC97293820}.Debug|Any CPU.ActiveCfg = Debug|Any CPU
		{7CCE1810-F0C5-47AD-8D03-86FC97293820}.Debug|Any CPU.Build.0 = Debug|Any CPU
		{7CCE1810-F0C5-47AD-8D03-86FC97293820}.Release|Any CPU.ActiveCfg = Release|Any CPU
		{7CCE1810-F0C5-47AD-8D03-86FC97293820}.Release|Any CPU.Build.0 = Release|Any CPU
		{B992C624-5093-4BFF-AF30-510B9839606C}.Debug|Any CPU.ActiveCfg = Debug|Any CPU
		{B992C624-5093-4BFF-AF30-510B9839606C}.Debug|Any CPU.Build.0 = Debug|Any CPU
		{B992C624-5093-4BFF-AF30-510B9839606C}.Release|Any CPU.ActiveCfg = Release|Any CPU
		{B992C624-5093-4BFF-AF30-510B9839606C}.Release|Any CPU.Build.0 = Release|Any CPU
		{B69BB31C-CF60-4AAD-B729-627C8C793B66}.Debug|Any CPU.ActiveCfg = Debug|Any CPU
		{B69BB31C-CF60-4AAD-B729-627C8C793B66}.Debug|Any CPU.Build.0 = Debug|Any CPU
		{B69BB31C-CF60-4AAD-B729-627C8C793B66}.Release|Any CPU.ActiveCfg = Release|Any CPU
		{B69BB31C-CF60-4AAD-B729-627C8C793B66}.Release|Any CPU.Build.0 = Release|Any CPU
		{1C89290D-28FB-4DBE-B15B-91F23C9DF531}.Debug|Any CPU.ActiveCfg = Debug|Any CPU
		{1C89290D-28FB-4DBE-B15B-91F23C9DF531}.Debug|Any CPU.Build.0 = Debug|Any CPU
		{1C89290D-28FB-4DBE-B15B-91F23C9DF531}.Release|Any CPU.ActiveCfg = Release|Any CPU
		{1C89290D-28FB-4DBE-B15B-91F23C9DF531}.Release|Any CPU.Build.0 = Release|Any CPU
		{842D186C-6D06-43F8-A019-63A54B817FF1}.Debug|Any CPU.ActiveCfg = Debug|Any CPU
		{842D186C-6D06-43F8-A019-63A54B817FF1}.Debug|Any CPU.Build.0 = Debug|Any CPU
		{842D186C-6D06-43F8-A019-63A54B817FF1}.Release|Any CPU.ActiveCfg = Release|Any CPU
		{842D186C-6D06-43F8-A019-63A54B817FF1}.Release|Any CPU.Build.0 = Release|Any CPU
		{FADA025B-9E26-4B7A-B3C6-C6829A4692EF}.Debug|Any CPU.ActiveCfg = Debug|Any CPU
		{FADA025B-9E26-4B7A-B3C6-C6829A4692EF}.Debug|Any CPU.Build.0 = Debug|Any CPU
		{FADA025B-9E26-4B7A-B3C6-C6829A4692EF}.Release|Any CPU.ActiveCfg = Release|Any CPU
		{FADA025B-9E26-4B7A-B3C6-C6829A4692EF}.Release|Any CPU.Build.0 = Release|Any CPU
	EndGlobalSection
	GlobalSection(SolutionProperties) = preSolution
		HideSolutionNode = FALSE
	EndGlobalSection
	GlobalSection(NestedProjects) = preSolution
		{889CDA8A-DE86-4098-B965-A75DB5F6A973} = {418BADDB-8C54-4A47-9398-19DC387F4745}
		{1BF4DBFF-0EEA-4847-8E53-7E91866D611D} = {418BADDB-8C54-4A47-9398-19DC387F4745}
		{45626F3F-551C-4735-BA71-5FC93CE04910} = {418BADDB-8C54-4A47-9398-19DC387F4745}
		{F386D855-2A74-4FD3-806C-C84B79E178A1} = {EF86386D-72C6-4F2D-A465-130289517F6E}
		{9F2AF794-CE79-44FE-ACB1-BCE0CEEC8BFD} = {EF86386D-72C6-4F2D-A465-130289517F6E}
		{8EC75530-6F97-45C2-92DE-DCADBA4FBFE2} = {EF86386D-72C6-4F2D-A465-130289517F6E}
		{3C44BE70-6D5F-49FD-BC57-3FAEAA0A8BCF} = {1679476B-BD9A-48FE-9B95-1ECD1BC4FC1F}
		{83243D88-34E6-4644-A968-F5D83BBA4530} = {1679476B-BD9A-48FE-9B95-1ECD1BC4FC1F}
		{F113BC19-0D32-41C3-BE9C-4511EB6D64F0} = {1679476B-BD9A-48FE-9B95-1ECD1BC4FC1F}
		{2E2974B4-BAAD-4443-AEA4-2A7EE1CE7234} = {3811190F-CDE2-4A72-99D3-D760CD756F68}
		{6778035C-ECFF-4595-BD0B-CFA33764AEC5} = {3811190F-CDE2-4A72-99D3-D760CD756F68}
		{EE68AAE5-3C90-4F89-A6A7-78FB7BE0E819} = {3811190F-CDE2-4A72-99D3-D760CD756F68}
		{300ECAEF-7A18-49AC-9252-B04674CE4D8E} = {E1520C8E-7988-4A3C-93E1-17D9F9382D6A}
		{4FAAFFEA-996B-46F6-A438-53AC18E686D1} = {E1520C8E-7988-4A3C-93E1-17D9F9382D6A}
		{7670DE42-E599-4515-87B5-7D10CE953420} = {E1520C8E-7988-4A3C-93E1-17D9F9382D6A}
		{CBBD9ECD-BBB8-45DF-B278-5AE350223490} = {6538F190-4F71-4D6C-88E4-819A85040F37}
		{7363AFB1-C9CD-4D70-A64F-17413E69ABC0} = {6538F190-4F71-4D6C-88E4-819A85040F37}
		{91602402-84C6-49B4-8AC4-CC641E56E06F} = {6538F190-4F71-4D6C-88E4-819A85040F37}
		{7CCE1810-F0C5-47AD-8D03-86FC97293820} = {1FA5DE12-82C5-4906-AB98-5FF84C2A2AAF}
		{B992C624-5093-4BFF-AF30-510B9839606C} = {1FA5DE12-82C5-4906-AB98-5FF84C2A2AAF}
		{B69BB31C-CF60-4AAD-B729-627C8C793B66} = {1FA5DE12-82C5-4906-AB98-5FF84C2A2AAF}
		{1C89290D-28FB-4DBE-B15B-91F23C9DF531} = {B0D7E866-0E79-4E9E-8D8D-EE6DEC9E2137}
		{842D186C-6D06-43F8-A019-63A54B817FF1} = {B0D7E866-0E79-4E9E-8D8D-EE6DEC9E2137}
		{FADA025B-9E26-4B7A-B3C6-C6829A4692EF} = {B0D7E866-0E79-4E9E-8D8D-EE6DEC9E2137}
	EndGlobalSection
	GlobalSection(ExtensibilityGlobals) = postSolution
		SolutionGuid = {374D1AE8-23F6-4B77-9D5E-47047A976A70}
	EndGlobalSection
EndGlobal
